
Microsoft Visual Studio Solution File, Format Version 12.00
# Visual Studio Version 17
VisualStudioVersion = 17.3.32901.215
MinimumVisualStudioVersion = 10.0.40219.1
Project("{9A19103F-16F7-4668-BE54-9A1E7A4F7556}") = "POB2421", "POB2421\POB2421.csproj", "{DD6366E2-51A2-4692-AACD-F0D142395FD2}"
EndProject
Project("{9A19103F-16F7-4668-BE54-9A1E7A4F7556}") = "Lesson1", "Lesson1\Lesson1.csproj", "{CEC546B6-AD48-4B23-A801-DF2AE23A8A15}"
EndProject
Project("{9A19103F-16F7-4668-BE54-9A1E7A4F7556}") = "Lesson2", "Lesson2\Lesson2.csproj", "{B0FC85D3-2D4C-4C1A-8D5D-21E08F33CC36}"
EndProject
Project("{9A19103F-16F7-4668-BE54-9A1E7A4F7556}") = "Lesson3", "Lesson3\Lesson3.csproj", "{28A02582-523A-45F7-951A-589501499BE0}"
EndProject
Project("{9A19103F-16F7-4668-BE54-9A1E7A4F7556}") = "Lesson4", "Lesson4\Lesson4.csproj", "{ADAA6449-6A8B-4A76-81F8-E1F4FA100175}"
EndProject
Project("{9A19103F-16F7-4668-BE54-9A1E7A4F7556}") = "Lesson5", "Lesson5\Lesson5.csproj", "{60462C21-06E7-40F2-A46A-634B74AB119A}"
EndProject
Project("{9A19103F-16F7-4668-BE54-9A1E7A4F7556}") = "Lesson6", "Lesson6\Lesson6.csproj", "{7ED31A39-D85A-44FC-B73B-3A87A68A7CB7}"
EndProject
Project("{9A19103F-16F7-4668-BE54-9A1E7A4F7556}") = "Lesson7", "Lesson7\Lesson7.csproj", "{5A39B315-3E19-42E8-9B6A-96873530344B}"
EndProject
Project("{9A19103F-16F7-4668-BE54-9A1E7A4F7556}") = "Lesson8", "Lesson8\Lesson8.csproj", "{A803F18E-9142-44DC-A1CA-ABE21E20FF23}"
EndProject
Project("{9A19103F-16F7-4668-BE54-9A1E7A4F7556}") = "Lesson9", "Lesson9\Lesson9.csproj", "{1CDE96F2-ADA1-441C-894E-82205FFBAA8A}"
EndProject
Project("{9A19103F-16F7-4668-BE54-9A1E7A4F7556}") = "Lesson10", "Lesson10\Lesson10.csproj", "{26F0D6D4-3EB3-4FF5-9317-65BAC249FDAE}"
EndProject
Project("{9A19103F-16F7-4668-BE54-9A1E7A4F7556}") = "Lesson11", "Lesson11\Lesson11.csproj", "{C1CEDC29-59B5-4925-AF0A-18F9D8113C19}"
EndProject
Project("{9A19103F-16F7-4668-BE54-9A1E7A4F7556}") = "Lesson12", "Lesson12\Lesson12.csproj", "{FDB418E9-E5D9-425A-921F-26D85C0F3F31}"
EndProject
Project("{9A19103F-16F7-4668-BE54-9A1E7A4F7556}") = "Lesson13", "Lesson13\Lesson13.csproj", "{9D47BD1E-5FF9-4734-9A98-37C30DE6E3BE}"
EndProject
Project("{9A19103F-16F7-4668-BE54-9A1E7A4F7556}") = "Lesson14", "Lesson14\Lesson14.csproj", "{52CDA932-05BF-4356-B22F-A3D5622F95AC}"
EndProject
Project("{9A19103F-16F7-4668-BE54-9A1E7A4F7556}") = "Lesson15", "Lesson15\Lesson15.csproj", "{40B8D834-AF93-40D2-9BCF-9B681B567D9F}"
EndProject
Project("{9A19103F-16F7-4668-BE54-9A1E7A4F7556}") = "Lesson16", "Lesson16\Lesson16.csproj", "{804FE7B0-274D-4E7E-9AFC-151C9582B6E2}"
EndProject
Project("{9A19103F-16F7-4668-BE54-9A1E7A4F7556}") = "Lesson17", "Lesson17\Lesson17.csproj", "{A6E0AA1F-AEB4-44EA-B2F9-6C075F74EE5C}"
EndProject
Project("{9A19103F-16F7-4668-BE54-9A1E7A4F7556}") = "Lesson18", "Lesson18\Lesson18.csproj", "{403CE768-1477-4819-9C88-3C855F0E876B}"
EndProject
Project("{9A19103F-16F7-4668-BE54-9A1E7A4F7556}") = "Lesson19", "Lesson19\Lesson19.csproj", "{C0D1DAB9-C8DC-48E4-9024-38C001EC8078}"
EndProject
Project("{9A19103F-16F7-4668-BE54-9A1E7A4F7556}") = "Lesson20", "Lesson20\Lesson20.csproj", "{7556E29D-236D-4931-B3F3-0A1ADAACB0FF}"
EndProject
Project("{9A19103F-16F7-4668-BE54-9A1E7A4F7556}") = "Lesson21", "Lesson21\Lesson21.csproj", "{97BA28C6-B9E4-46A0-AFF7-EFA2B8C9DBFE}"
EndProject
Project("{9A19103F-16F7-4668-BE54-9A1E7A4F7556}") = "Lesson22", "Lesson22\Lesson22.csproj", "{30AB05AD-29B9-42AF-85E9-33C1EE5ED84C}"
EndProject
Project("{9A19103F-16F7-4668-BE54-9A1E7A4F7556}") = "Lesson23", "Lesson23\Lesson23.csproj", "{B9442E7E-D071-4C0B-89AC-578C5F895634}"
EndProject
Project("{9A19103F-16F7-4668-BE54-9A1E7A4F7556}") = "Lesson24", "Lesson24\Lesson24.csproj", "{BFFA38DA-5AF5-4C70-8583-99C8BA1C809B}"
EndProject
Project("{9A19103F-16F7-4668-BE54-9A1E7A4F7556}") = "Lesson25", "Lesson25\Lesson25.csproj", "{3C1242A6-2EBB-4130-8C01-54B21631E389}"
EndProject
Project("{9A19103F-16F7-4668-BE54-9A1E7A4F7556}") = "Lesson25.2", "Lesson25.2\Lesson25.2.csproj", "{C82A3B08-0E81-4993-A1AD-EEEB51256E64}"
EndProject
Project("{9A19103F-16F7-4668-BE54-9A1E7A4F7556}") = "Lesson25.3", "Lesson25.3\Lesson25.3.csproj", "{3D357AE4-D425-4333-A75B-6A0C298D52E5}"
EndProject
Project("{9A19103F-16F7-4668-BE54-9A1E7A4F7556}") = "Lesson25.4", "Lesson25.4\Lesson25.4.csproj", "{FA6A12DC-5FAA-421D-8B54-6AD5D4672E0A}"
EndProject
Project("{9A19103F-16F7-4668-BE54-9A1E7A4F7556}") = "Lesson26.1", "Lesson26.1\Lesson26.1.csproj", "{7E9B0D6A-1CFA-4A66-80B5-F37F62B62AE5}"
EndProject
Project("{9A19103F-16F7-4668-BE54-9A1E7A4F7556}") = "Lesson26.2", "Lesson26.2\Lesson26.2.csproj", "{1B8C5D18-1000-4403-8C08-51AD359F3BF3}"
EndProject
Project("{9A19103F-16F7-4668-BE54-9A1E7A4F7556}") = "Lesson26.3", "Lesson26.3\Lesson26.3.csproj", "{C378A30C-495C-4813-8042-18F28AEC76B9}"
EndProject
Project("{9A19103F-16F7-4668-BE54-9A1E7A4F7556}") = "Lesson26.4", "Lesson26.4\Lesson26.4.csproj", "{05831207-4B36-437A-8DD8-569D36106C78}"
EndProject
Project("{9A19103F-16F7-4668-BE54-9A1E7A4F7556}") = "Lesson27", "Lesson27\Lesson27.csproj", "{A7C38BE8-9D9D-46C4-A2ED-E11677C76926}"
EndProject
Project("{9A19103F-16F7-4668-BE54-9A1E7A4F7556}") = "Lesson27.1", "Lesson27.1\Lesson27.1.csproj", "{7D7DD061-4602-4084-9411-5580C04330AD}"
EndProject
Project("{9A19103F-16F7-4668-BE54-9A1E7A4F7556}") = "Lesson28.1", "Lesson28.1\Lesson28.1.csproj", "{F26006B4-44C6-4775-8815-7872F60AA117}"
EndProject
Project("{9A19103F-16F7-4668-BE54-9A1E7A4F7556}") = "Lesson28.2", "Lesson28.2\Lesson28.2.csproj", "{5A909420-2BCE-4B8E-9406-CF3CED1111E8}"
EndProject
Project("{9A19103F-16F7-4668-BE54-9A1E7A4F7556}") = "Lesson28.3", "Lesson28.3\Lesson28.3.csproj", "{48839164-10E0-49FC-9B1A-E84F3A45BE0F}"
EndProject
Project("{9A19103F-16F7-4668-BE54-9A1E7A4F7556}") = "Lesson29.1", "Lesson29.1\Lesson29.1.csproj", "{4147D987-8F87-4A13-92B0-7B0E17638218}"
EndProject
Project("{9A19103F-16F7-4668-BE54-9A1E7A4F7556}") = "Lesson29.2", "Lesson29.2\Lesson29.2.csproj", "{965371C6-FCA1-4F4C-B552-03D4CB470D31}"
EndProject
Project("{9A19103F-16F7-4668-BE54-9A1E7A4F7556}") = "Lesson29.3", "Lesson29.3\Lesson29.3.csproj", "{34A7BD6E-85FD-481E-BC9B-F9B7EB0ACDCE}"
EndProject
Project("{9A19103F-16F7-4668-BE54-9A1E7A4F7556}") = "Lesson29.4", "Lesson29.4\Lesson29.4.csproj", "{A32BD1D2-97C7-48D4-9037-C35E30039AAE}"
EndProject
Project("{9A19103F-16F7-4668-BE54-9A1E7A4F7556}") = "Lesson29.5", "Lesson29.5\Lesson29.5.csproj", "{58C60D18-1D91-45AA-9757-7F5FFC53AEB8}"
EndProject
Project("{9A19103F-16F7-4668-BE54-9A1E7A4F7556}") = "Lesson29.6", "Lesson29.6\Lesson29.6.csproj", "{93FBEE84-6431-46C1-857D-212262533D5D}"
EndProject
Project("{9A19103F-16F7-4668-BE54-9A1E7A4F7556}") = "Lesson30", "Lesson30\Lesson30.csproj", "{D0A990EC-0BA0-41CC-B381-EFEDE61A8869}"
EndProject
Project("{9A19103F-16F7-4668-BE54-9A1E7A4F7556}") = "Lesson31", "Lesson31\Lesson31.csproj", "{59A32BBE-60F7-4B60-BB93-D1BCD0E880C8}"
EndProject
Project("{9A19103F-16F7-4668-BE54-9A1E7A4F7556}") = "Lesson31.1", "Lesson31.1\Lesson31.1.csproj", "{7E4EAF15-013D-4A85-A090-5BA253025B71}"
EndProject
Project("{9A19103F-16F7-4668-BE54-9A1E7A4F7556}") = "Lesson32", "Lesson32\Lesson32.csproj", "{88AD9D0D-FD2B-4E05-8A8A-78ABF90BF03E}"
EndProject
Project("{9A19103F-16F7-4668-BE54-9A1E7A4F7556}") = "Lesson32.1", "Lesson32.1\Lesson32.1.csproj", "{D9388D82-DFCE-4F50-9768-FCCA23CE4BBE}"
EndProject
Project("{9A19103F-16F7-4668-BE54-9A1E7A4F7556}") = "Lesson33.1", "Lesson33.1\Lesson33.1.csproj", "{AAC11E57-3182-4710-BF0A-6E1F6575A25E}"
EndProject
Project("{9A19103F-16F7-4668-BE54-9A1E7A4F7556}") = "Lesson33.2", "Lesson33.2\Lesson33.2.csproj", "{F0937AC4-F212-4669-8BC5-FF57911F695C}"
EndProject
Project("{9A19103F-16F7-4668-BE54-9A1E7A4F7556}") = "Lesson34", "Lesson34\Lesson34.csproj", "{F847ACBD-5304-46AD-A899-54D42CDCACB6}"
EndProject
Project("{9A19103F-16F7-4668-BE54-9A1E7A4F7556}") = "Lesson34.1", "Lesson34.1\Lesson34.1.csproj", "{15C1E884-EB7C-4880-92A7-50F0068AA3F3}"
EndProject
Project("{FAE04EC0-301F-11D3-BF4B-00C04F79EFBC}") = "Lesson35", "Lesson35\Lesson35.csproj", "{FC84DA54-A348-4466-83EA-CFCE2269E46B}"
EndProject
Global
	GlobalSection(SolutionConfigurationPlatforms) = preSolution
		Debug|Any CPU = Debug|Any CPU
		Release|Any CPU = Release|Any CPU
	EndGlobalSection
	GlobalSection(ProjectConfigurationPlatforms) = postSolution
		{DD6366E2-51A2-4692-AACD-F0D142395FD2}.Debug|Any CPU.ActiveCfg = Debug|Any CPU
		{DD6366E2-51A2-4692-AACD-F0D142395FD2}.Debug|Any CPU.Build.0 = Debug|Any CPU
		{DD6366E2-51A2-4692-AACD-F0D142395FD2}.Release|Any CPU.ActiveCfg = Release|Any CPU
		{DD6366E2-51A2-4692-AACD-F0D142395FD2}.Release|Any CPU.Build.0 = Release|Any CPU
		{CEC546B6-AD48-4B23-A801-DF2AE23A8A15}.Debug|Any CPU.ActiveCfg = Debug|Any CPU
		{CEC546B6-AD48-4B23-A801-DF2AE23A8A15}.Debug|Any CPU.Build.0 = Debug|Any CPU
		{CEC546B6-AD48-4B23-A801-DF2AE23A8A15}.Release|Any CPU.ActiveCfg = Release|Any CPU
		{CEC546B6-AD48-4B23-A801-DF2AE23A8A15}.Release|Any CPU.Build.0 = Release|Any CPU
		{B0FC85D3-2D4C-4C1A-8D5D-21E08F33CC36}.Debug|Any CPU.ActiveCfg = Debug|Any CPU
		{B0FC85D3-2D4C-4C1A-8D5D-21E08F33CC36}.Debug|Any CPU.Build.0 = Debug|Any CPU
		{B0FC85D3-2D4C-4C1A-8D5D-21E08F33CC36}.Release|Any CPU.ActiveCfg = Release|Any CPU
		{B0FC85D3-2D4C-4C1A-8D5D-21E08F33CC36}.Release|Any CPU.Build.0 = Release|Any CPU
		{28A02582-523A-45F7-951A-589501499BE0}.Debug|Any CPU.ActiveCfg = Debug|Any CPU
		{28A02582-523A-45F7-951A-589501499BE0}.Debug|Any CPU.Build.0 = Debug|Any CPU
		{28A02582-523A-45F7-951A-589501499BE0}.Release|Any CPU.ActiveCfg = Release|Any CPU
		{28A02582-523A-45F7-951A-589501499BE0}.Release|Any CPU.Build.0 = Release|Any CPU
		{ADAA6449-6A8B-4A76-81F8-E1F4FA100175}.Debug|Any CPU.ActiveCfg = Debug|Any CPU
		{ADAA6449-6A8B-4A76-81F8-E1F4FA100175}.Debug|Any CPU.Build.0 = Debug|Any CPU
		{ADAA6449-6A8B-4A76-81F8-E1F4FA100175}.Release|Any CPU.ActiveCfg = Release|Any CPU
		{ADAA6449-6A8B-4A76-81F8-E1F4FA100175}.Release|Any CPU.Build.0 = Release|Any CPU
		{60462C21-06E7-40F2-A46A-634B74AB119A}.Debug|Any CPU.ActiveCfg = Debug|Any CPU
		{60462C21-06E7-40F2-A46A-634B74AB119A}.Debug|Any CPU.Build.0 = Debug|Any CPU
		{60462C21-06E7-40F2-A46A-634B74AB119A}.Release|Any CPU.ActiveCfg = Release|Any CPU
		{60462C21-06E7-40F2-A46A-634B74AB119A}.Release|Any CPU.Build.0 = Release|Any CPU
		{7ED31A39-D85A-44FC-B73B-3A87A68A7CB7}.Debug|Any CPU.ActiveCfg = Debug|Any CPU
		{7ED31A39-D85A-44FC-B73B-3A87A68A7CB7}.Debug|Any CPU.Build.0 = Debug|Any CPU
		{7ED31A39-D85A-44FC-B73B-3A87A68A7CB7}.Release|Any CPU.ActiveCfg = Release|Any CPU
		{7ED31A39-D85A-44FC-B73B-3A87A68A7CB7}.Release|Any CPU.Build.0 = Release|Any CPU
		{5A39B315-3E19-42E8-9B6A-96873530344B}.Debug|Any CPU.ActiveCfg = Debug|Any CPU
		{5A39B315-3E19-42E8-9B6A-96873530344B}.Debug|Any CPU.Build.0 = Debug|Any CPU
		{5A39B315-3E19-42E8-9B6A-96873530344B}.Release|Any CPU.ActiveCfg = Release|Any CPU
		{5A39B315-3E19-42E8-9B6A-96873530344B}.Release|Any CPU.Build.0 = Release|Any CPU
		{A803F18E-9142-44DC-A1CA-ABE21E20FF23}.Debug|Any CPU.ActiveCfg = Debug|Any CPU
		{A803F18E-9142-44DC-A1CA-ABE21E20FF23}.Debug|Any CPU.Build.0 = Debug|Any CPU
		{A803F18E-9142-44DC-A1CA-ABE21E20FF23}.Release|Any CPU.ActiveCfg = Release|Any CPU
		{A803F18E-9142-44DC-A1CA-ABE21E20FF23}.Release|Any CPU.Build.0 = Release|Any CPU
		{1CDE96F2-ADA1-441C-894E-82205FFBAA8A}.Debug|Any CPU.ActiveCfg = Debug|Any CPU
		{1CDE96F2-ADA1-441C-894E-82205FFBAA8A}.Debug|Any CPU.Build.0 = Debug|Any CPU
		{1CDE96F2-ADA1-441C-894E-82205FFBAA8A}.Release|Any CPU.ActiveCfg = Release|Any CPU
		{1CDE96F2-ADA1-441C-894E-82205FFBAA8A}.Release|Any CPU.Build.0 = Release|Any CPU
		{26F0D6D4-3EB3-4FF5-9317-65BAC249FDAE}.Debug|Any CPU.ActiveCfg = Debug|Any CPU
		{26F0D6D4-3EB3-4FF5-9317-65BAC249FDAE}.Debug|Any CPU.Build.0 = Debug|Any CPU
		{26F0D6D4-3EB3-4FF5-9317-65BAC249FDAE}.Release|Any CPU.ActiveCfg = Release|Any CPU
		{26F0D6D4-3EB3-4FF5-9317-65BAC249FDAE}.Release|Any CPU.Build.0 = Release|Any CPU
		{C1CEDC29-59B5-4925-AF0A-18F9D8113C19}.Debug|Any CPU.ActiveCfg = Debug|Any CPU
		{C1CEDC29-59B5-4925-AF0A-18F9D8113C19}.Debug|Any CPU.Build.0 = Debug|Any CPU
		{C1CEDC29-59B5-4925-AF0A-18F9D8113C19}.Release|Any CPU.ActiveCfg = Release|Any CPU
		{C1CEDC29-59B5-4925-AF0A-18F9D8113C19}.Release|Any CPU.Build.0 = Release|Any CPU
		{FDB418E9-E5D9-425A-921F-26D85C0F3F31}.Debug|Any CPU.ActiveCfg = Debug|Any CPU
		{FDB418E9-E5D9-425A-921F-26D85C0F3F31}.Debug|Any CPU.Build.0 = Debug|Any CPU
		{FDB418E9-E5D9-425A-921F-26D85C0F3F31}.Release|Any CPU.ActiveCfg = Release|Any CPU
		{FDB418E9-E5D9-425A-921F-26D85C0F3F31}.Release|Any CPU.Build.0 = Release|Any CPU
		{9D47BD1E-5FF9-4734-9A98-37C30DE6E3BE}.Debug|Any CPU.ActiveCfg = Debug|Any CPU
		{9D47BD1E-5FF9-4734-9A98-37C30DE6E3BE}.Debug|Any CPU.Build.0 = Debug|Any CPU
		{9D47BD1E-5FF9-4734-9A98-37C30DE6E3BE}.Release|Any CPU.ActiveCfg = Release|Any CPU
		{9D47BD1E-5FF9-4734-9A98-37C30DE6E3BE}.Release|Any CPU.Build.0 = Release|Any CPU
		{52CDA932-05BF-4356-B22F-A3D5622F95AC}.Debug|Any CPU.ActiveCfg = Debug|Any CPU
		{52CDA932-05BF-4356-B22F-A3D5622F95AC}.Debug|Any CPU.Build.0 = Debug|Any CPU
		{52CDA932-05BF-4356-B22F-A3D5622F95AC}.Release|Any CPU.ActiveCfg = Release|Any CPU
		{52CDA932-05BF-4356-B22F-A3D5622F95AC}.Release|Any CPU.Build.0 = Release|Any CPU
		{40B8D834-AF93-40D2-9BCF-9B681B567D9F}.Debug|Any CPU.ActiveCfg = Debug|Any CPU
		{40B8D834-AF93-40D2-9BCF-9B681B567D9F}.Debug|Any CPU.Build.0 = Debug|Any CPU
		{40B8D834-AF93-40D2-9BCF-9B681B567D9F}.Release|Any CPU.ActiveCfg = Release|Any CPU
		{40B8D834-AF93-40D2-9BCF-9B681B567D9F}.Release|Any CPU.Build.0 = Release|Any CPU
		{804FE7B0-274D-4E7E-9AFC-151C9582B6E2}.Debug|Any CPU.ActiveCfg = Debug|Any CPU
		{804FE7B0-274D-4E7E-9AFC-151C9582B6E2}.Debug|Any CPU.Build.0 = Debug|Any CPU
		{804FE7B0-274D-4E7E-9AFC-151C9582B6E2}.Release|Any CPU.ActiveCfg = Release|Any CPU
		{804FE7B0-274D-4E7E-9AFC-151C9582B6E2}.Release|Any CPU.Build.0 = Release|Any CPU
		{A6E0AA1F-AEB4-44EA-B2F9-6C075F74EE5C}.Debug|Any CPU.ActiveCfg = Debug|Any CPU
		{A6E0AA1F-AEB4-44EA-B2F9-6C075F74EE5C}.Debug|Any CPU.Build.0 = Debug|Any CPU
		{A6E0AA1F-AEB4-44EA-B2F9-6C075F74EE5C}.Release|Any CPU.ActiveCfg = Release|Any CPU
		{A6E0AA1F-AEB4-44EA-B2F9-6C075F74EE5C}.Release|Any CPU.Build.0 = Release|Any CPU
		{403CE768-1477-4819-9C88-3C855F0E876B}.Debug|Any CPU.ActiveCfg = Debug|Any CPU
		{403CE768-1477-4819-9C88-3C855F0E876B}.Debug|Any CPU.Build.0 = Debug|Any CPU
		{403CE768-1477-4819-9C88-3C855F0E876B}.Release|Any CPU.ActiveCfg = Release|Any CPU
		{403CE768-1477-4819-9C88-3C855F0E876B}.Release|Any CPU.Build.0 = Release|Any CPU
		{C0D1DAB9-C8DC-48E4-9024-38C001EC8078}.Debug|Any CPU.ActiveCfg = Debug|Any CPU
		{C0D1DAB9-C8DC-48E4-9024-38C001EC8078}.Debug|Any CPU.Build.0 = Debug|Any CPU
		{C0D1DAB9-C8DC-48E4-9024-38C001EC8078}.Release|Any CPU.ActiveCfg = Release|Any CPU
		{C0D1DAB9-C8DC-48E4-9024-38C001EC8078}.Release|Any CPU.Build.0 = Release|Any CPU
		{7556E29D-236D-4931-B3F3-0A1ADAACB0FF}.Debug|Any CPU.ActiveCfg = Debug|Any CPU
		{7556E29D-236D-4931-B3F3-0A1ADAACB0FF}.Debug|Any CPU.Build.0 = Debug|Any CPU
		{7556E29D-236D-4931-B3F3-0A1ADAACB0FF}.Release|Any CPU.ActiveCfg = Release|Any CPU
		{7556E29D-236D-4931-B3F3-0A1ADAACB0FF}.Release|Any CPU.Build.0 = Release|Any CPU
		{97BA28C6-B9E4-46A0-AFF7-EFA2B8C9DBFE}.Debug|Any CPU.ActiveCfg = Debug|Any CPU
		{97BA28C6-B9E4-46A0-AFF7-EFA2B8C9DBFE}.Debug|Any CPU.Build.0 = Debug|Any CPU
		{97BA28C6-B9E4-46A0-AFF7-EFA2B8C9DBFE}.Release|Any CPU.ActiveCfg = Release|Any CPU
		{97BA28C6-B9E4-46A0-AFF7-EFA2B8C9DBFE}.Release|Any CPU.Build.0 = Release|Any CPU
		{30AB05AD-29B9-42AF-85E9-33C1EE5ED84C}.Debug|Any CPU.ActiveCfg = Debug|Any CPU
		{30AB05AD-29B9-42AF-85E9-33C1EE5ED84C}.Debug|Any CPU.Build.0 = Debug|Any CPU
		{30AB05AD-29B9-42AF-85E9-33C1EE5ED84C}.Release|Any CPU.ActiveCfg = Release|Any CPU
		{30AB05AD-29B9-42AF-85E9-33C1EE5ED84C}.Release|Any CPU.Build.0 = Release|Any CPU
		{B9442E7E-D071-4C0B-89AC-578C5F895634}.Debug|Any CPU.ActiveCfg = Debug|Any CPU
		{B9442E7E-D071-4C0B-89AC-578C5F895634}.Debug|Any CPU.Build.0 = Debug|Any CPU
		{B9442E7E-D071-4C0B-89AC-578C5F895634}.Release|Any CPU.ActiveCfg = Release|Any CPU
		{B9442E7E-D071-4C0B-89AC-578C5F895634}.Release|Any CPU.Build.0 = Release|Any CPU
		{BFFA38DA-5AF5-4C70-8583-99C8BA1C809B}.Debug|Any CPU.ActiveCfg = Debug|Any CPU
		{BFFA38DA-5AF5-4C70-8583-99C8BA1C809B}.Debug|Any CPU.Build.0 = Debug|Any CPU
		{BFFA38DA-5AF5-4C70-8583-99C8BA1C809B}.Release|Any CPU.ActiveCfg = Release|Any CPU
		{BFFA38DA-5AF5-4C70-8583-99C8BA1C809B}.Release|Any CPU.Build.0 = Release|Any CPU
		{3C1242A6-2EBB-4130-8C01-54B21631E389}.Debug|Any CPU.ActiveCfg = Debug|Any CPU
		{3C1242A6-2EBB-4130-8C01-54B21631E389}.Debug|Any CPU.Build.0 = Debug|Any CPU
		{3C1242A6-2EBB-4130-8C01-54B21631E389}.Release|Any CPU.ActiveCfg = Release|Any CPU
		{3C1242A6-2EBB-4130-8C01-54B21631E389}.Release|Any CPU.Build.0 = Release|Any CPU
		{C82A3B08-0E81-4993-A1AD-EEEB51256E64}.Debug|Any CPU.ActiveCfg = Debug|Any CPU
		{C82A3B08-0E81-4993-A1AD-EEEB51256E64}.Debug|Any CPU.Build.0 = Debug|Any CPU
		{C82A3B08-0E81-4993-A1AD-EEEB51256E64}.Release|Any CPU.ActiveCfg = Release|Any CPU
		{C82A3B08-0E81-4993-A1AD-EEEB51256E64}.Release|Any CPU.Build.0 = Release|Any CPU
		{3D357AE4-D425-4333-A75B-6A0C298D52E5}.Debug|Any CPU.ActiveCfg = Debug|Any CPU
		{3D357AE4-D425-4333-A75B-6A0C298D52E5}.Debug|Any CPU.Build.0 = Debug|Any CPU
		{3D357AE4-D425-4333-A75B-6A0C298D52E5}.Release|Any CPU.ActiveCfg = Release|Any CPU
		{3D357AE4-D425-4333-A75B-6A0C298D52E5}.Release|Any CPU.Build.0 = Release|Any CPU
		{FA6A12DC-5FAA-421D-8B54-6AD5D4672E0A}.Debug|Any CPU.ActiveCfg = Debug|Any CPU
		{FA6A12DC-5FAA-421D-8B54-6AD5D4672E0A}.Debug|Any CPU.Build.0 = Debug|Any CPU
		{FA6A12DC-5FAA-421D-8B54-6AD5D4672E0A}.Release|Any CPU.ActiveCfg = Release|Any CPU
		{FA6A12DC-5FAA-421D-8B54-6AD5D4672E0A}.Release|Any CPU.Build.0 = Release|Any CPU
		{7E9B0D6A-1CFA-4A66-80B5-F37F62B62AE5}.Debug|Any CPU.ActiveCfg = Debug|Any CPU
		{7E9B0D6A-1CFA-4A66-80B5-F37F62B62AE5}.Debug|Any CPU.Build.0 = Debug|Any CPU
		{7E9B0D6A-1CFA-4A66-80B5-F37F62B62AE5}.Release|Any CPU.ActiveCfg = Release|Any CPU
		{7E9B0D6A-1CFA-4A66-80B5-F37F62B62AE5}.Release|Any CPU.Build.0 = Release|Any CPU
		{1B8C5D18-1000-4403-8C08-51AD359F3BF3}.Debug|Any CPU.ActiveCfg = Debug|Any CPU
		{1B8C5D18-1000-4403-8C08-51AD359F3BF3}.Debug|Any CPU.Build.0 = Debug|Any CPU
		{1B8C5D18-1000-4403-8C08-51AD359F3BF3}.Release|Any CPU.ActiveCfg = Release|Any CPU
		{1B8C5D18-1000-4403-8C08-51AD359F3BF3}.Release|Any CPU.Build.0 = Release|Any CPU
		{C378A30C-495C-4813-8042-18F28AEC76B9}.Debug|Any CPU.ActiveCfg = Debug|Any CPU
		{C378A30C-495C-4813-8042-18F28AEC76B9}.Debug|Any CPU.Build.0 = Debug|Any CPU
		{C378A30C-495C-4813-8042-18F28AEC76B9}.Release|Any CPU.ActiveCfg = Release|Any CPU
		{C378A30C-495C-4813-8042-18F28AEC76B9}.Release|Any CPU.Build.0 = Release|Any CPU
		{05831207-4B36-437A-8DD8-569D36106C78}.Debug|Any CPU.ActiveCfg = Debug|Any CPU
		{05831207-4B36-437A-8DD8-569D36106C78}.Debug|Any CPU.Build.0 = Debug|Any CPU
		{05831207-4B36-437A-8DD8-569D36106C78}.Release|Any CPU.ActiveCfg = Release|Any CPU
		{05831207-4B36-437A-8DD8-569D36106C78}.Release|Any CPU.Build.0 = Release|Any CPU
		{A7C38BE8-9D9D-46C4-A2ED-E11677C76926}.Debug|Any CPU.ActiveCfg = Debug|Any CPU
		{A7C38BE8-9D9D-46C4-A2ED-E11677C76926}.Debug|Any CPU.Build.0 = Debug|Any CPU
		{A7C38BE8-9D9D-46C4-A2ED-E11677C76926}.Release|Any CPU.ActiveCfg = Release|Any CPU
		{A7C38BE8-9D9D-46C4-A2ED-E11677C76926}.Release|Any CPU.Build.0 = Release|Any CPU
		{7D7DD061-4602-4084-9411-5580C04330AD}.Debug|Any CPU.ActiveCfg = Debug|Any CPU
		{7D7DD061-4602-4084-9411-5580C04330AD}.Debug|Any CPU.Build.0 = Debug|Any CPU
		{7D7DD061-4602-4084-9411-5580C04330AD}.Release|Any CPU.ActiveCfg = Release|Any CPU
		{7D7DD061-4602-4084-9411-5580C04330AD}.Release|Any CPU.Build.0 = Release|Any CPU
		{F26006B4-44C6-4775-8815-7872F60AA117}.Debug|Any CPU.ActiveCfg = Debug|Any CPU
		{F26006B4-44C6-4775-8815-7872F60AA117}.Debug|Any CPU.Build.0 = Debug|Any CPU
		{F26006B4-44C6-4775-8815-7872F60AA117}.Release|Any CPU.ActiveCfg = Release|Any CPU
		{F26006B4-44C6-4775-8815-7872F60AA117}.Release|Any CPU.Build.0 = Release|Any CPU
		{5A909420-2BCE-4B8E-9406-CF3CED1111E8}.Debug|Any CPU.ActiveCfg = Debug|Any CPU
		{5A909420-2BCE-4B8E-9406-CF3CED1111E8}.Debug|Any CPU.Build.0 = Debug|Any CPU
		{5A909420-2BCE-4B8E-9406-CF3CED1111E8}.Release|Any CPU.ActiveCfg = Release|Any CPU
		{5A909420-2BCE-4B8E-9406-CF3CED1111E8}.Release|Any CPU.Build.0 = Release|Any CPU
		{48839164-10E0-49FC-9B1A-E84F3A45BE0F}.Debug|Any CPU.ActiveCfg = Debug|Any CPU
		{48839164-10E0-49FC-9B1A-E84F3A45BE0F}.Debug|Any CPU.Build.0 = Debug|Any CPU
		{48839164-10E0-49FC-9B1A-E84F3A45BE0F}.Release|Any CPU.ActiveCfg = Release|Any CPU
		{48839164-10E0-49FC-9B1A-E84F3A45BE0F}.Release|Any CPU.Build.0 = Release|Any CPU
		{4147D987-8F87-4A13-92B0-7B0E17638218}.Debug|Any CPU.ActiveCfg = Debug|Any CPU
		{4147D987-8F87-4A13-92B0-7B0E17638218}.Debug|Any CPU.Build.0 = Debug|Any CPU
		{4147D987-8F87-4A13-92B0-7B0E17638218}.Release|Any CPU.ActiveCfg = Release|Any CPU
		{4147D987-8F87-4A13-92B0-7B0E17638218}.Release|Any CPU.Build.0 = Release|Any CPU
		{965371C6-FCA1-4F4C-B552-03D4CB470D31}.Debug|Any CPU.ActiveCfg = Debug|Any CPU
		{965371C6-FCA1-4F4C-B552-03D4CB470D31}.Debug|Any CPU.Build.0 = Debug|Any CPU
		{965371C6-FCA1-4F4C-B552-03D4CB470D31}.Release|Any CPU.ActiveCfg = Release|Any CPU
		{965371C6-FCA1-4F4C-B552-03D4CB470D31}.Release|Any CPU.Build.0 = Release|Any CPU
		{34A7BD6E-85FD-481E-BC9B-F9B7EB0ACDCE}.Debug|Any CPU.ActiveCfg = Debug|Any CPU
		{34A7BD6E-85FD-481E-BC9B-F9B7EB0ACDCE}.Debug|Any CPU.Build.0 = Debug|Any CPU
		{34A7BD6E-85FD-481E-BC9B-F9B7EB0ACDCE}.Release|Any CPU.ActiveCfg = Release|Any CPU
		{34A7BD6E-85FD-481E-BC9B-F9B7EB0ACDCE}.Release|Any CPU.Build.0 = Release|Any CPU
		{A32BD1D2-97C7-48D4-9037-C35E30039AAE}.Debug|Any CPU.ActiveCfg = Debug|Any CPU
		{A32BD1D2-97C7-48D4-9037-C35E30039AAE}.Debug|Any CPU.Build.0 = Debug|Any CPU
		{A32BD1D2-97C7-48D4-9037-C35E30039AAE}.Release|Any CPU.ActiveCfg = Release|Any CPU
		{A32BD1D2-97C7-48D4-9037-C35E30039AAE}.Release|Any CPU.Build.0 = Release|Any CPU
		{58C60D18-1D91-45AA-9757-7F5FFC53AEB8}.Debug|Any CPU.ActiveCfg = Debug|Any CPU
		{58C60D18-1D91-45AA-9757-7F5FFC53AEB8}.Debug|Any CPU.Build.0 = Debug|Any CPU
		{58C60D18-1D91-45AA-9757-7F5FFC53AEB8}.Release|Any CPU.ActiveCfg = Release|Any CPU
		{58C60D18-1D91-45AA-9757-7F5FFC53AEB8}.Release|Any CPU.Build.0 = Release|Any CPU
		{93FBEE84-6431-46C1-857D-212262533D5D}.Debug|Any CPU.ActiveCfg = Debug|Any CPU
		{93FBEE84-6431-46C1-857D-212262533D5D}.Debug|Any CPU.Build.0 = Debug|Any CPU
		{93FBEE84-6431-46C1-857D-212262533D5D}.Release|Any CPU.ActiveCfg = Release|Any CPU
		{93FBEE84-6431-46C1-857D-212262533D5D}.Release|Any CPU.Build.0 = Release|Any CPU
		{D0A990EC-0BA0-41CC-B381-EFEDE61A8869}.Debug|Any CPU.ActiveCfg = Debug|Any CPU
		{D0A990EC-0BA0-41CC-B381-EFEDE61A8869}.Debug|Any CPU.Build.0 = Debug|Any CPU
		{D0A990EC-0BA0-41CC-B381-EFEDE61A8869}.Release|Any CPU.ActiveCfg = Release|Any CPU
		{D0A990EC-0BA0-41CC-B381-EFEDE61A8869}.Release|Any CPU.Build.0 = Release|Any CPU
		{59A32BBE-60F7-4B60-BB93-D1BCD0E880C8}.Debug|Any CPU.ActiveCfg = Debug|Any CPU
		{59A32BBE-60F7-4B60-BB93-D1BCD0E880C8}.Debug|Any CPU.Build.0 = Debug|Any CPU
		{59A32BBE-60F7-4B60-BB93-D1BCD0E880C8}.Release|Any CPU.ActiveCfg = Release|Any CPU
		{59A32BBE-60F7-4B60-BB93-D1BCD0E880C8}.Release|Any CPU.Build.0 = Release|Any CPU
		{7E4EAF15-013D-4A85-A090-5BA253025B71}.Debug|Any CPU.ActiveCfg = Debug|Any CPU
		{7E4EAF15-013D-4A85-A090-5BA253025B71}.Debug|Any CPU.Build.0 = Debug|Any CPU
		{7E4EAF15-013D-4A85-A090-5BA253025B71}.Release|Any CPU.ActiveCfg = Release|Any CPU
		{7E4EAF15-013D-4A85-A090-5BA253025B71}.Release|Any CPU.Build.0 = Release|Any CPU
		{88AD9D0D-FD2B-4E05-8A8A-78ABF90BF03E}.Debug|Any CPU.ActiveCfg = Debug|Any CPU
		{88AD9D0D-FD2B-4E05-8A8A-78ABF90BF03E}.Debug|Any CPU.Build.0 = Debug|Any CPU
		{88AD9D0D-FD2B-4E05-8A8A-78ABF90BF03E}.Release|Any CPU.ActiveCfg = Release|Any CPU
		{88AD9D0D-FD2B-4E05-8A8A-78ABF90BF03E}.Release|Any CPU.Build.0 = Release|Any CPU
		{D9388D82-DFCE-4F50-9768-FCCA23CE4BBE}.Debug|Any CPU.ActiveCfg = Debug|Any CPU
		{D9388D82-DFCE-4F50-9768-FCCA23CE4BBE}.Debug|Any CPU.Build.0 = Debug|Any CPU
		{D9388D82-DFCE-4F50-9768-FCCA23CE4BBE}.Release|Any CPU.ActiveCfg = Release|Any CPU
		{D9388D82-DFCE-4F50-9768-FCCA23CE4BBE}.Release|Any CPU.Build.0 = Release|Any CPU
		{AAC11E57-3182-4710-BF0A-6E1F6575A25E}.Debug|Any CPU.ActiveCfg = Debug|Any CPU
		{AAC11E57-3182-4710-BF0A-6E1F6575A25E}.Debug|Any CPU.Build.0 = Debug|Any CPU
		{AAC11E57-3182-4710-BF0A-6E1F6575A25E}.Release|Any CPU.ActiveCfg = Release|Any CPU
		{AAC11E57-3182-4710-BF0A-6E1F6575A25E}.Release|Any CPU.Build.0 = Release|Any CPU
		{F0937AC4-F212-4669-8BC5-FF57911F695C}.Debug|Any CPU.ActiveCfg = Debug|Any CPU
		{F0937AC4-F212-4669-8BC5-FF57911F695C}.Debug|Any CPU.Build.0 = Debug|Any CPU
		{F0937AC4-F212-4669-8BC5-FF57911F695C}.Release|Any CPU.ActiveCfg = Release|Any CPU
		{F0937AC4-F212-4669-8BC5-FF57911F695C}.Release|Any CPU.Build.0 = Release|Any CPU
		{F847ACBD-5304-46AD-A899-54D42CDCACB6}.Debug|Any CPU.ActiveCfg = Debug|Any CPU
		{F847ACBD-5304-46AD-A899-54D42CDCACB6}.Debug|Any CPU.Build.0 = Debug|Any CPU
		{F847ACBD-5304-46AD-A899-54D42CDCACB6}.Release|Any CPU.ActiveCfg = Release|Any CPU
		{F847ACBD-5304-46AD-A899-54D42CDCACB6}.Release|Any CPU.Build.0 = Release|Any CPU
		{15C1E884-EB7C-4880-92A7-50F0068AA3F3}.Debug|Any CPU.ActiveCfg = Debug|Any CPU
		{15C1E884-EB7C-4880-92A7-50F0068AA3F3}.Debug|Any CPU.Build.0 = Debug|Any CPU
		{15C1E884-EB7C-4880-92A7-50F0068AA3F3}.Release|Any CPU.ActiveCfg = Release|Any CPU
		{15C1E884-EB7C-4880-92A7-50F0068AA3F3}.Release|Any CPU.Build.0 = Release|Any CPU
		{FC84DA54-A348-4466-83EA-CFCE2269E46B}.Debug|Any CPU.ActiveCfg = Debug|Any CPU
		{FC84DA54-A348-4466-83EA-CFCE2269E46B}.Debug|Any CPU.Build.0 = Debug|Any CPU
		{FC84DA54-A348-4466-83EA-CFCE2269E46B}.Release|Any CPU.ActiveCfg = Release|Any CPU
		{FC84DA54-A348-4466-83EA-CFCE2269E46B}.Release|Any CPU.Build.0 = Release|Any CPU
	EndGlobalSection
	GlobalSection(SolutionProperties) = preSolution
		HideSolutionNode = FALSE
	EndGlobalSection
	GlobalSection(ExtensibilityGlobals) = postSolution
		SolutionGuid = {ED881FEA-F070-43B5-BE57-F0C0DCC6FD32}
	EndGlobalSection
EndGlobal
